{
  "name": "my-project",
  "version": "1.0.0",
  "lockfileVersion": 1,
  "requires": true,
  "dependencies": {
    "liblzma-sys": {
      "version": "1.3.0",
      "resolved": "https://registry.npmjs.org/liblzma-sys/-/liblzma-sys-1.3.0.tgz",
      "integrity": "..." (omitted for brevity)
    },
    // Other dependencies of your project
  }
}
